// !$*UTF8*$!
{
	archiveVersion = 1;
	classes = {
	};
	objectVersion = 46;
	objects = {

/* Begin PBXBuildFile section */
		DDD1C6401C45E83F00A4121F /* AppDelegate.swift in Sources */ = {isa = PBXBuildFile; fileRef = DDD1C63F1C45E83F00A4121F /* AppDelegate.swift */; };
		DDD1C6421C45E83F00A4121F /* ViewController.swift in Sources */ = {isa = PBXBuildFile; fileRef = DDD1C6411C45E83F00A4121F /* ViewController.swift */; };
		DDD1C6451C45E83F00A4121F /* Main.storyboard in Resources */ = {isa = PBXBuildFile; fileRef = DDD1C6431C45E83F00A4121F /* Main.storyboard */; };
		DDD1C6471C45E83F00A4121F /* Assets.xcassets in Resources */ = {isa = PBXBuildFile; fileRef = DDD1C6461C45E83F00A4121F /* Assets.xcassets */; };
		DDD1C64A1C45E83F00A4121F /* LaunchScreen.storyboard in Resources */ = {isa = PBXBuildFile; fileRef = DDD1C6481C45E83F00A4121F /* LaunchScreen.storyboard */; };
		DDD1C6551C45E83F00A4121F /* Click_CounterTests.swift in Sources */ = {isa = PBXBuildFile; fileRef = DDD1C6541C45E83F00A4121F /* Click_CounterTests.swift */; };
		DDD1C6601C45E83F00A4121F /* Click_CounterUITests.swift in Sources */ = {isa = PBXBuildFile; fileRef = DDD1C65F1C45E83F00A4121F /* Click_CounterUITests.swift */; };
/* End PBXBuildFile section */

/* Begin PBXContainerItemProxy section */
		DDD1C6511C45E83F00A4121F /* PBXContainerItemProxy */ = {
			isa = PBXContainerItemProxy;
			containerPortal = DDD1C6341C45E83F00A4121F /* Project object */;
			proxyType = 1;
			remoteGlobalIDString = DDD1C63B1C45E83F00A4121F;
			remoteInfo = "Click Counter";
		};
		DDD1C65C1C45E83F00A4121F /* PBXContainerItemProxy */ = {
			isa = PBXContainerItemProxy;
			containerPortal = DDD1C6341C45E83F00A4121F /* Project object */;
			proxyType = 1;
			remoteGlobalIDString = DDD1C63B1C45E83F00A4121F;
			remoteInfo = "Click Counter";
		};
/* End PBXContainerItemProxy section */

/* Begin PBXFileReference section */
		DDD1C63C1C45E83F00A4121F /* Click Counter.app */ = {isa = PBXFileReference; explicitFileType = wrapper.application; includeInIndex = 0; path = "Click Counter.app"; sourceTree = BUILT_PRODUCTS_DIR; };
		DDD1C63F1C45E83F00A4121F /* AppDelegate.swift */ = {isa = PBXFileReference; lastKnownFileType = sourcecode.swift; path = AppDelegate.swift; sourceTree = "<group>"; };
		DDD1C6411C45E83F00A4121F /* ViewController.swift */ = {isa = PBXFileReference; lastKnownFileType = sourcecode.swift; path = ViewController.swift; sourceTree = "<group>"; };
		DDD1C6441C45E83F00A4121F /* Base */ = {isa = PBXFileReference; lastKnownFileType = file.storyboard; name = Base; path = Base.lproj/Main.storyboard; sourceTree = "<group>"; };
		DDD1C6461C45E83F00A4121F /* Assets.xcassets */ = {isa = PBXFileReference; lastKnownFileType = folder.assetcatalog; path = Assets.xcassets; sourceTree = "<group>"; };
		DDD1C6491C45E83F00A4121F /* Base */ = {isa = PBXFileReference; lastKnownFileType = file.storyboard; name = Base; path = Base.lproj/LaunchScreen.storyboard; sourceTree = "<group>"; };
		DDD1C64B1C45E83F00A4121F /* Info.plist */ = {isa = PBXFileReference; lastKnownFileType = text.plist.xml; path = Info.plist; sourceTree = "<group>"; };
		DDD1C6501C45E83F00A4121F /* Click CounterTests.xctest */ = {isa = PBXFileReference; explicitFileType = wrapper.cfbundle; includeInIndex = 0; path = "Click CounterTests.xctest"; sourceTree = BUILT_PRODUCTS_DIR; };
		DDD1C6541C45E83F00A4121F /* Click_CounterTests.swift */ = {isa = PBXFileReference; lastKnownFileType = sourcecode.swift; path = Click_CounterTests.swift; sourceTree = "<group>"; };
		DDD1C6561C45E83F00A4121F /* Info.plist */ = {isa = PBXFileReference; lastKnownFileType = text.plist.xml; path = Info.plist; sourceTree = "<group>"; };
		DDD1C65B1C45E83F00A4121F /* Click CounterUITests.xctest */ = {isa = PBXFileReference; explicitFileType = wrapper.cfbundle; includeInIndex = 0; path = "Click CounterUITests.xctest"; sourceTree = BUILT_PRODUCTS_DIR; };
		DDD1C65F1C45E83F00A4121F /* Click_CounterUITests.swift */ = {isa = PBXFileReference; lastKnownFileType = sourcecode.swift; path = Click_CounterUITests.swift; sourceTree = "<group>"; };
		DDD1C6611C45E83F00A4121F /* Info.plist */ = {isa = PBXFileReference; lastKnownFileType = text.plist.xml; path = Info.plist; sourceTree = "<group>"; };
/* End PBXFileReference section */

/* Begin PBXFrameworksBuildPhase section */
		DDD1C6391C45E83F00A4121F /* Frameworks */ = {
			isa = PBXFrameworksBuildPhase;
			buildActionMask = 2147483647;
			files = (
			);
			runOnlyForDeploymentPostprocessing = 0;
		};
		DDD1C64D1C45E83F00A4121F /* Frameworks */ = {
			isa = PBXFrameworksBuildPhase;
			buildActionMask = 2147483647;
			files = (
			);
			runOnlyForDeploymentPostprocessing = 0;
		};
		DDD1C6581C45E83F00A4121F /* Frameworks */ = {
			isa = PBXFrameworksBuildPhase;
			buildActionMask = 2147483647;
			files = (
			);
			runOnlyForDeploymentPostprocessing = 0;
		};
/* End PBXFrameworksBuildPhase section */

/* Begin PBXGroup section */
		DDD1C6331C45E83F00A4121F = {
			isa = PBXGroup;
			children = (
				DDD1C63E1C45E83F00A4121F /* Click Counter */,
				DDD1C6531C45E83F00A4121F /* Click CounterTests */,
				DDD1C65E1C45E83F00A4121F /* Click CounterUITests */,
				DDD1C63D1C45E83F00A4121F /* Products */,
			);
			sourceTree = "<group>";
		};
		DDD1C63D1C45E83F00A4121F /* Products */ = {
			isa = PBXGroup;
			children = (
				DDD1C63C1C45E83F00A4121F /* Click Counter.app */,
				DDD1C6501C45E83F00A4121F /* Click CounterTests.xctest */,
				DDD1C65B1C45E83F00A4121F /* Click CounterUITests.xctest */,
			);
			name = Products;
			sourceTree = "<group>";
		};
		DDD1C63E1C45E83F00A4121F /* Click Counter */ = {
			isa = PBXGroup;
			children = (
				DDD1C63F1C45E83F00A4121F /* AppDelegate.swift */,
				DDD1C6411C45E83F00A4121F /* ViewController.swift */,
				DDD1C6431C45E83F00A4121F /* Main.storyboard */,
				DDD1C6461C45E83F00A4121F /* Assets.xcassets */,
				DDD1C6481C45E83F00A4121F /* LaunchScreen.storyboard */,
				DDD1C64B1C45E83F00A4121F /* Info.plist */,
			);
			path = "Click Counter";
			sourceTree = "<group>";
		};
		DDD1C6531C45E83F00A4121F /* Click CounterTests */ = {
			isa = PBXGroup;
			children = (
				DDD1C6541C45E83F00A4121F /* Click_CounterTests.swift */,
				DDD1C6561C45E83F00A4121F /* Info.plist */,
			);
			path = "Click CounterTests";
			sourceTree = "<group>";
		};
		DDD1C65E1C45E83F00A4121F /* Click CounterUITests */ = {
			isa = PBXGroup;
			children = (
				DDD1C65F1C45E83F00A4121F /* Click_CounterUITests.swift */,
				DDD1C6611C45E83F00A4121F /* Info.plist */,
			);
			path = "Click CounterUITests";
			sourceTree = "<group>";
		};
/* End PBXGroup section */

/* Begin PBXNativeTarget section */
		DDD1C63B1C45E83F00A4121F /* Click Counter */ = {
			isa = PBXNativeTarget;
			buildConfigurationList = DDD1C6641C45E83F00A4121F /* Build configuration list for PBXNativeTarget "Click Counter" */;
			buildPhases = (
				DDD1C6381C45E83F00A4121F /* Sources */,
				DDD1C6391C45E83F00A4121F /* Frameworks */,
				DDD1C63A1C45E83F00A4121F /* Resources */,
			);
			buildRules = (
			);
			dependencies = (
			);
			name = "Click Counter";
			productName = "Click Counter";
			productReference = DDD1C63C1C45E83F00A4121F /* Click Counter.app */;
			productType = "com.apple.product-type.application";
		};
		DDD1C64F1C45E83F00A4121F /* Click CounterTests */ = {
			isa = PBXNativeTarget;
			buildConfigurationList = DDD1C6671C45E83F00A4121F /* Build configuration list for PBXNativeTarget "Click CounterTests" */;
			buildPhases = (
				DDD1C64C1C45E83F00A4121F /* Sources */,
				DDD1C64D1C45E83F00A4121F /* Frameworks */,
				DDD1C64E1C45E83F00A4121F /* Resources */,
			);
			buildRules = (
			);
			dependencies = (
				DDD1C6521C45E83F00A4121F /* PBXTargetDependency */,
			);
			name = "Click CounterTests";
			productName = "Click CounterTests";
			productReference = DDD1C6501C45E83F00A4121F /* Click CounterTests.xctest */;
			productType = "com.apple.product-type.bundle.unit-test";
		};
		DDD1C65A1C45E83F00A4121F /* Click CounterUITests */ = {
			isa = PBXNativeTarget;
			buildConfigurationList = DDD1C66A1C45E83F00A4121F /* Build configuration list for PBXNativeTarget "Click CounterUITests" */;
			buildPhases = (
				DDD1C6571C45E83F00A4121F /* Sources */,
				DDD1C6581C45E83F00A4121F /* Frameworks */,
				DDD1C6591C45E83F00A4121F /* Resources */,
			);
			buildRules = (
			);
			dependencies = (
				DDD1C65D1C45E83F00A4121F /* PBXTargetDependency */,
			);
			name = "Click CounterUITests";
			productName = "Click CounterUITests";
			productReference = DDD1C65B1C45E83F00A4121F /* Click CounterUITests.xctest */;
			productType = "com.apple.product-type.bundle.ui-testing";
		};
/* End PBXNativeTarget section */

/* Begin PBXProject section */
		DDD1C6341C45E83F00A4121F /* Project object */ = {
			isa = PBXProject;
			attributes = {
				LastSwiftUpdateCheck = 0720;
				LastUpgradeCheck = 0720;
				ORGANIZATIONNAME = yalin.ma;
				TargetAttributes = {
					DDD1C63B1C45E83F00A4121F = {
						CreatedOnToolsVersion = 7.2;
						DevelopmentTeam = 67596MC9X2;
					};
					DDD1C64F1C45E83F00A4121F = {
						CreatedOnToolsVersion = 7.2;
						DevelopmentTeam = 67596MC9X2;
						TestTargetID = DDD1C63B1C45E83F00A4121F;
					};
					DDD1C65A1C45E83F00A4121F = {
						CreatedOnToolsVersion = 7.2;
						DevelopmentTeam = 67596MC9X2;
						TestTargetID = DDD1C63B1C45E83F00A4121F;
					};
				};
			};
			buildConfigurationList = DDD1C6371C45E83F00A4121F /* Build configuration list for PBXProject "Click Counter" */;
			compatibilityVersion = "Xcode 3.2";
			developmentRegion = English;
			hasScannedForEncodings = 0;
			knownRegions = (
				en,
				Base,
			);
			mainGroup = DDD1C6331C45E83F00A4121F;
			productRefGroup = DDD1C63D1C45E83F00A4121F /* Products */;
			projectDirPath = "";
			projectRoot = "";
			targets = (
				DDD1C63B1C45E83F00A4121F /* Click Counter */,
				DDD1C64F1C45E83F00A4121F /* Click CounterTests */,
				DDD1C65A1C45E83F00A4121F /* Click CounterUITests */,
			);
		};
/* End PBXProject section */

/* Begin PBXResourcesBuildPhase section */
		DDD1C63A1C45E83F00A4121F /* Resources */ = {
			isa = PBXResourcesBuildPhase;
			buildActionMask = 2147483647;
			files = (
				DDD1C64A1C45E83F00A4121F /* LaunchScreen.storyboard in Resources */,
				DDD1C6471C45E83F00A4121F /* Assets.xcassets in Resources */,
				DDD1C6451C45E83F00A4121F /* Main.storyboard in Resources */,
			);
			runOnlyForDeploymentPostprocessing = 0;
		};
		DDD1C64E1C45E83F00A4121F /* Resources */ = {
			isa = PBXResourcesBuildPhase;
			buildActionMask = 2147483647;
			files = (
			);
			runOnlyForDeploymentPostprocessing = 0;
		};
		DDD1C6591C45E83F00A4121F /* Resources */ = {
			isa = PBXResourcesBuildPhase;
			buildActionMask = 2147483647;
			files = (
			);
			runOnlyForDeploymentPostprocessing = 0;
		};
/* End PBXResourcesBuildPhase section */

/* Begin PBXSourcesBuildPhase section */
		DDD1C6381C45E83F00A4121F /* Sources */ = {
			isa = PBXSourcesBuildPhase;
			buildActionMask = 2147483647;
			files = (
				DDD1C6421C45E83F00A4121F /* ViewController.swift in Sources */,
				DDD1C6401C45E83F00A4121F /* AppDelegate.swift in Sources */,
			);
			runOnlyForDeploymentPostprocessing = 0;
		};
		DDD1C64C1C45E83F00A4121F /* Sources */ = {
			isa = PBXSourcesBuildPhase;
			buildActionMask = 2147483647;
			files = (
				DDD1C6551C45E83F00A4121F /* Click_CounterTests.swift in Sources */,
			);
			runOnlyForDeploymentPostprocessing = 0;
		};
		DDD1C6571C45E83F00A4121F /* Sources */ = {
			isa = PBXSourcesBuildPhase;
			buildActionMask = 2147483647;
			files = (
				DDD1C6601C45E83F00A4121F /* Click_CounterUITests.swift in Sources */,
			);
			runOnlyForDeploymentPostprocessing = 0;
		};
/* End PBXSourcesBuildPhase section */

/* Begin PBXTargetDependency section */
		DDD1C6521C45E83F00A4121F /* PBXTargetDependency */ = {
			isa = PBXTargetDependency;
			target = DDD1C63B1C45E83F00A4121F /* Click Counter */;
			targetProxy = DDD1C6511C45E83F00A4121F /* PBXContainerItemProxy */;
		};
		DDD1C65D1C45E83F00A4121F /* PBXTargetDependency */ = {
			isa = PBXTargetDependency;
			target = DDD1C63B1C45E83F00A4121F /* Click Counter */;
			targetProxy = DDD1C65C1C45E83F00A4121F /* PBXContainerItemProxy */;
		};
/* End PBXTargetDependency section */

/* Begin PBXVariantGroup section */
		DDD1C6431C45E83F00A4121F /* Main.storyboard */ = {
			isa = PBXVariantGroup;
			children = (
				DDD1C6441C45E83F00A4121F /* Base */,
			);
			name = Main.storyboard;
			sourceTree = "<group>";
		};
		DDD1C6481C45E83F00A4121F /* LaunchScreen.storyboard */ = {
			isa = PBXVariantGroup;
			children = (
				DDD1C6491C45E83F00A4121F /* Base */,
			);
			name = LaunchScreen.storyboard;
			sourceTree = "<group>";
		};
/* End PBXVariantGroup section */

/* Begin XCBuildConfiguration section */
		DDD1C6621C45E83F00A4121F /* Debug */ = {
			isa = XCBuildConfiguration;
			buildSettings = {
				ALWAYS_SEARCH_USER_PATHS = NO;
				CLANG_CXX_LANGUAGE_STANDARD = "gnu++0x";
				CLANG_CXX_LIBRARY = "libc++";
				CLANG_ENABLE_MODULES = YES;
				CLANG_ENABLE_OBJC_ARC = YES;
				CLANG_WARN_BOOL_CONVERSION = YES;
				CLANG_WARN_CONSTANT_CONVERSION = YES;
				CLANG_WARN_DIRECT_OBJC_ISA_USAGE = YES_ERROR;
				CLANG_WARN_EMPTY_BODY = YES;
				CLANG_WARN_ENUM_CONVERSION = YES;
				CLANG_WARN_INT_CONVERSION = YES;
				CLANG_WARN_OBJC_ROOT_CLASS = YES_ERROR;
				CLANG_WARN_UNREACHABLE_CODE = YES;
				CLANG_WARN__DUPLICATE_METHOD_MATCH = YES;
				"CODE_SIGN_IDENTITY[sdk=iphoneos*]" = "iPhone Developer";
				COPY_PHASE_STRIP = NO;
				DEBUG_INFORMATION_FORMAT = dwarf;
				ENABLE_STRICT_OBJC_MSGSEND = YES;
				ENABLE_TESTABILITY = YES;
				GCC_C_LANGUAGE_STANDARD = gnu99;
				GCC_DYNAMIC_NO_PIC = NO;
				GCC_NO_COMMON_BLOCKS = YES;
				GCC_OPTIMIZATION_LEVEL = 0;
				GCC_PREPROCESSOR_DEFINITIONS = (
					"DEBUG=1",
					"$(inherited)",
				);
				GCC_WARN_64_TO_32_BIT_CONVERSION = YES;
				GCC_WARN_ABOUT_RETURN_TYPE = YES_ERROR;
				GCC_WARN_UNDECLARED_SELECTOR = YES;
				GCC_WARN_UNINITIALIZED_AUTOS = YES_AGGRESSIVE;
				GCC_WARN_UNUSED_FUNCTION = YES;
				GCC_WARN_UNUSED_VARIABLE = YES;
				IPHONEOS_DEPLOYMENT_TARGET = 9.2;
				MTL_ENABLE_DEBUG_INFO = YES;
				ONLY_ACTIVE_ARCH = YES;
				SDKROOT = iphoneos;
				SWIFT_OPTIMIZATION_LEVEL = "-Onone";
			};
			name = Debug;
		};
		DDD1C6631C45E83F00A4121F /* Release */ = {
			isa = XCBuildConfiguration;
			buildSettings = {
				ALWAYS_SEARCH_USER_PATHS = NO;
				CLANG_CXX_LANGUAGE_STANDARD = "gnu++0x";
				CLANG_CXX_LIBRARY = "libc++";
				CLANG_ENABLE_MODULES = YES;
				CLANG_ENABLE_OBJC_ARC = YES;
				CLANG_WARN_BOOL_CONVERSION = YES;
				CLANG_WARN_CONSTANT_CONVERSION = YES;
				CLANG_WARN_DIRECT_OBJC_ISA_USAGE = YES_ERROR;
				CLANG_WARN_EMPTY_BODY = YES;
				CLANG_WARN_ENUM_CONVERSION = YES;
				CLANG_WARN_INT_CONVERSION = YES;
				CLANG_WARN_OBJC_ROOT_CLASS = YES_ERROR;
				CLANG_WARN_UNREACHABLE_CODE = YES;
				CLANG_WARN__DUPLICATE_METHOD_MATCH = YES;
				"CODE_SIGN_IDENTITY[sdk=iphoneos*]" = "iPhone Developer";
				COPY_PHASE_STRIP = NO;
				DEBUG_INFORMATION_FORMAT = "dwarf-with-dsym";
				ENABLE_NS_ASSERTIONS = NO;
				ENABLE_STRICT_OBJC_MSGSEND = YES;
				GCC_C_LANGUAGE_STANDARD = gnu99;
				GCC_NO_COMMON_BLOCKS = YES;
				GCC_WARN_64_TO_32_BIT_CONVERSION = YES;
				GCC_WARN_ABOUT_RETURN_TYPE = YES_ERROR;
				GCC_WARN_UNDECLARED_SELECTOR = YES;
				GCC_WARN_UNINITIALIZED_AUTOS = YES_AGGRESSIVE;
				GCC_WARN_UNUSED_FUNCTION = YES;
				GCC_WARN_UNUSED_VARIABLE = YES;
				IPHONEOS_DEPLOYMENT_TARGET = 9.2;
				MTL_ENABLE_DEBUG_INFO = NO;
				SDKROOT = iphoneos;
				VALIDATE_PRODUCT = YES;
			};
			name = Release;
		};
		DDD1C6651C45E83F00A4121F /* Debug */ = {
			isa = XCBuildConfiguration;
			buildSettings = {
				ASSETCATALOG_COMPILER_APPICON_NAME = AppIcon;
				INFOPLIST_FILE = "Click Counter/Info.plist";
				LD_RUNPATH_SEARCH_PATHS = "$(inherited) @executable_path/Frameworks";
				PRODUCT_BUNDLE_IDENTIFIER = "mayalin.Click-Counter";
				PRODUCT_NAME = "$(TARGET_NAME)";
			};
			name = Debug;
		};
		DDD1C6661C45E83F00A4121F /* Release */ = {
			isa = XCBuildConfiguration;
			buildSettings = {
				ASSETCATALOG_COMPILER_APPICON_NAME = AppIcon;
				INFOPLIST_FILE = "Click Counter/Info.plist";
				LD_RUNPATH_SEARCH_PATHS = "$(inherited) @executable_path/Frameworks";
				PRODUCT_BUNDLE_IDENTIFIER = "mayalin.Click-Counter";
				PRODUCT_NAME = "$(TARGET_NAME)";
			};
			name = Release;
		};
		DDD1C6681C45E83F00A4121F /* Debug */ = {
			isa = XCBuildConfiguration;
			buildSettings = {
				BUNDLE_LOADER = "$(TEST_HOST)";
				INFOPLIST_FILE = "Click CounterTests/Info.plist";
				LD_RUNPATH_SEARCH_PATHS = "$(inherited) @executable_path/Frameworks @loader_path/Frameworks";
				PRODUCT_BUNDLE_IDENTIFIER = "mayalin.Click-CounterTests";
				PRODUCT_NAME = "$(TARGET_NAME)";
				TEST_HOST = "$(BUILT_PRODUCTS_DIR)/Click Counter.app/Click Counter";
			};
			name = Debug;
		};
		DDD1C6691C45E83F00A4121F /* Release */ = {
			isa = XCBuildConfiguration;
			buildSettings = {
				BUNDLE_LOADER = "$(TEST_HOST)";
				INFOPLIST_FILE = "Click CounterTests/Info.plist";
				LD_RUNPATH_SEARCH_PATHS = "$(inherited) @executable_path/Frameworks @loader_path/Frameworks";
				PRODUCT_BUNDLE_IDENTIFIER = "mayalin.Click-CounterTests";
				PRODUCT_NAME = "$(TARGET_NAME)";
				TEST_HOST = "$(BUILT_PRODUCTS_DIR)/Click Counter.app/Click Counter";
			};
			name = Release;
		};
		DDD1C66B1C45E83F00A4121F /* Debug */ = {
			isa = XCBuildConfiguration;
			buildSettings = {
				INFOPLIST_FILE = "Click CounterUITests/Info.plist";
				LD_RUNPATH_SEARCH_PATHS = "$(inherited) @executable_path/Frameworks @loader_path/Frameworks";
				PRODUCT_BUNDLE_IDENTIFIER = "mayalin.Click-CounterUITests";
				PRODUCT_NAME = "$(TARGET_NAME)";
				TEST_TARGET_NAME = "Click Counter";
				USES_XCTRUNNER = YES;
			};
			name = Debug;
		};
		DDD1C66C1C45E83F00A4121F /* Release */ = {
			isa = XCBuildConfiguration;
			buildSettings = {
				INFOPLIST_FILE = "Click CounterUITests/Info.plist";
				LD_RUNPATH_SEARCH_PATHS = "$(inherited) @executable_path/Frameworks @loader_path/Frameworks";
				PRODUCT_BUNDLE_IDENTIFIER = "mayalin.Click-CounterUITests";
				PRODUCT_NAME = "$(TARGET_NAME)";
				TEST_TARGET_NAME = "Click Counter";
				USES_XCTRUNNER = YES;
			};
			name = Release;
		};
/* End XCBuildConfiguration section */

/* Begin XCConfigurationList section */
		DDD1C6371C45E83F00A4121F /* Build configuration list for PBXProject "Click Counter" */ = {
			isa = XCConfigurationList;
			buildConfigurations = (
				DDD1C6621C45E83F00A4121F /* Debug */,
				DDD1C6631C45E83F00A4121F /* Release */,
			);
			defaultConfigurationIsVisible = 0;
			defaultConfigurationName = Release;
		};
		DDD1C6641C45E83F00A4121F /* Build configuration list for PBXNativeTarget "Click Counter" */ = {
			isa = XCConfigurationList;
			buildConfigurations = (
				DDD1C6651C45E83F00A4121F /* Debug */,
				DDD1C6661C45E83F00A4121F /* Release */,
			);
			defaultConfigurationIsVisible = 0;
		};
		DDD1C6671C45E83F00A4121F /* Build configuration list for PBXNativeTarget "Click CounterTests" */ = {
			isa = XCConfigurationList;
			buildConfigurations = (
				DDD1C6681C45E83F00A4121F /* Debug */,
				DDD1C6691C45E83F00A4121F /* Release */,
			);
			defaultConfigurationIsVisible = 0;
		};
		DDD1C66A1C45E83F00A4121F /* Build configuration list for PBXNativeTarget "Click CounterUITests" */ = {
			isa = XCConfigurationList;
			buildConfigurations = (
				DDD1C66B1C45E83F00A4121F /* Debug */,
				DDD1C66C1C45E83F00A4121F /* Release */,
			);
			defaultConfigurationIsVisible = 0;
		};
/* End XCConfigurationList section */
	};
	rootObject = DDD1C6341C45E83F00A4121F /* Project object */;
}
